
Microsoft Visual Studio Solution File, Format Version 12.00
# Visual Studio Version 17
VisualStudioVersion = 17.13.35931.197 d17.13
MinimumVisualStudioVersion = 10.0.40219.1
Project("{FAE04EC0-301F-11D3-BF4B-00C04F79EFBC}") = "ReservaFacil.Api", "ReservaFacil\ReservaFacil.Api.csproj", "{9159B90B-EFCE-4082-BE19-859F0733B2AB}"
EndProject
Project("{2150E333-8FDC-42A3-9474-1A3956D46DE8}") = "src", "src", "{02EA681E-C7D8-13C7-8484-4AC65E1B71E8}"
EndProject
Project("{2150E333-8FDC-42A3-9474-1A3956D46DE8}") = "BackEnd", "BackEnd", "{D1FDD578-F65A-4A9B-8833-82C57E627A19}"
EndProject
Project("{2150E333-8FDC-42A3-9474-1A3956D46DE8}") = "Mobile", "Mobile", "{78ED3688-CB4D-4109-8024-2CD8272D1B71}"
EndProject
Project("{2150E333-8FDC-42A3-9474-1A3956D46DE8}") = "Shared", "Shared", "{32ADDD5C-801A-4E1F-9588-118D0503DC08}"
EndProject
Project("{2150E333-8FDC-42A3-9474-1A3956D46DE8}") = "test", "test", "{5072635A-27D8-4AC1-A926-0072FD2CD348}"
EndProject
Project("{FAE04EC0-301F-11D3-BF4B-00C04F79EFBC}") = "ReservaFacil.Application", "ReservaFacil.Application\ReservaFacil.Application.csproj", "{BA574F25-8383-4978-AF32-ACDF83DF458A}"
EndProject
Project("{FAE04EC0-301F-11D3-BF4B-00C04F79EFBC}") = "ReservaFacil.Domain", "ReservaFacil.Domain\ReservaFacil.Domain.csproj", "{8EEE8774-0A29-4634-92F7-35E81F1416F6}"
EndProject
Project("{FAE04EC0-301F-11D3-BF4B-00C04F79EFBC}") = "ReservaFacil.Infrastructure", "ReservaFacil.Infrastructure\ReservaFacil.Infrastructure.csproj", "{B5975BEA-5000-4B04-B006-1168BE42D04F}"
EndProject
Project("{FAE04EC0-301F-11D3-BF4B-00C04F79EFBC}") = "CommonTestUtilies", "CommonTestUtilies\CommonTestUtilies.csproj", "{0F0F744F-CF3B-4C09-AF9A-0F4E2B090631}"
EndProject
Project("{FAE04EC0-301F-11D3-BF4B-00C04F79EFBC}") = "Application.Test", "ApplicationTest\Application.Test.csproj", "{841FAE6C-ED41-4551-8AF3-E5D2992FA310}"
EndProject
Project("{FAE04EC0-301F-11D3-BF4B-00C04F79EFBC}") = "Validators.Test", "Validators.Test\Validators.Test.csproj", "{BB55A180-5E85-41A2-BB48-480B40E41FDB}"
EndProject
Project("{FAE04EC0-301F-11D3-BF4B-00C04F79EFBC}") = "WebApi.Test", "WebApi.Test\WebApi.Test.csproj", "{A4F4612D-52DD-4E1B-A973-5928D6CE9DDD}"
EndProject
Global
	GlobalSection(SolutionConfigurationPlatforms) = preSolution
		Debug|Any CPU = Debug|Any CPU
		Release|Any CPU = Release|Any CPU
	EndGlobalSection
	GlobalSection(ProjectConfigurationPlatforms) = postSolution
		{9159B90B-EFCE-4082-BE19-859F0733B2AB}.Debug|Any CPU.ActiveCfg = Debug|Any CPU
		{9159B90B-EFCE-4082-BE19-859F0733B2AB}.Debug|Any CPU.Build.0 = Debug|Any CPU
		{9159B90B-EFCE-4082-BE19-859F0733B2AB}.Release|Any CPU.ActiveCfg = Release|Any CPU
		{9159B90B-EFCE-4082-BE19-859F0733B2AB}.Release|Any CPU.Build.0 = Release|Any CPU
		{BA574F25-8383-4978-AF32-ACDF83DF458A}.Debug|Any CPU.ActiveCfg = Debug|Any CPU
		{BA574F25-8383-4978-AF32-ACDF83DF458A}.Debug|Any CPU.Build.0 = Debug|Any CPU
		{BA574F25-8383-4978-AF32-ACDF83DF458A}.Release|Any CPU.ActiveCfg = Release|Any CPU
		{BA574F25-8383-4978-AF32-ACDF83DF458A}.Release|Any CPU.Build.0 = Release|Any CPU
		{8EEE8774-0A29-4634-92F7-35E81F1416F6}.Debug|Any CPU.ActiveCfg = Debug|Any CPU
		{8EEE8774-0A29-4634-92F7-35E81F1416F6}.Debug|Any CPU.Build.0 = Debug|Any CPU
		{8EEE8774-0A29-4634-92F7-35E81F1416F6}.Release|Any CPU.ActiveCfg = Release|Any CPU
		{8EEE8774-0A29-4634-92F7-35E81F1416F6}.Release|Any CPU.Build.0 = Release|Any CPU
		{B5975BEA-5000-4B04-B006-1168BE42D04F}.Debug|Any CPU.ActiveCfg = Debug|Any CPU
		{B5975BEA-5000-4B04-B006-1168BE42D04F}.Debug|Any CPU.Build.0 = Debug|Any CPU
		{B5975BEA-5000-4B04-B006-1168BE42D04F}.Release|Any CPU.ActiveCfg = Release|Any CPU
		{B5975BEA-5000-4B04-B006-1168BE42D04F}.Release|Any CPU.Build.0 = Release|Any CPU
		{0F0F744F-CF3B-4C09-AF9A-0F4E2B090631}.Debug|Any CPU.ActiveCfg = Debug|Any CPU
		{0F0F744F-CF3B-4C09-AF9A-0F4E2B090631}.Debug|Any CPU.Build.0 = Debug|Any CPU
		{0F0F744F-CF3B-4C09-AF9A-0F4E2B090631}.Release|Any CPU.ActiveCfg = Release|Any CPU
		{0F0F744F-CF3B-4C09-AF9A-0F4E2B090631}.Release|Any CPU.Build.0 = Release|Any CPU
		{841FAE6C-ED41-4551-8AF3-E5D2992FA310}.Debug|Any CPU.ActiveCfg = Debug|Any CPU
		{841FAE6C-ED41-4551-8AF3-E5D2992FA310}.Debug|Any CPU.Build.0 = Debug|Any CPU
		{841FAE6C-ED41-4551-8AF3-E5D2992FA310}.Release|Any CPU.ActiveCfg = Release|Any CPU
		{841FAE6C-ED41-4551-8AF3-E5D2992FA310}.Release|Any CPU.Build.0 = Release|Any CPU
		{BB55A180-5E85-41A2-BB48-480B40E41FDB}.Debug|Any CPU.ActiveCfg = Debug|Any CPU
		{BB55A180-5E85-41A2-BB48-480B40E41FDB}.Debug|Any CPU.Build.0 = Debug|Any CPU
		{BB55A180-5E85-41A2-BB48-480B40E41FDB}.Release|Any CPU.ActiveCfg = Release|Any CPU
		{BB55A180-5E85-41A2-BB48-480B40E41FDB}.Release|Any CPU.Build.0 = Release|Any CPU
		{A4F4612D-52DD-4E1B-A973-5928D6CE9DDD}.Debug|Any CPU.ActiveCfg = Debug|Any CPU
		{A4F4612D-52DD-4E1B-A973-5928D6CE9DDD}.Debug|Any CPU.Build.0 = Debug|Any CPU
		{A4F4612D-52DD-4E1B-A973-5928D6CE9DDD}.Release|Any CPU.ActiveCfg = Release|Any CPU
		{A4F4612D-52DD-4E1B-A973-5928D6CE9DDD}.Release|Any CPU.Build.0 = Release|Any CPU
	EndGlobalSection
	GlobalSection(SolutionProperties) = preSolution
		HideSolutionNode = FALSE
	EndGlobalSection
	GlobalSection(NestedProjects) = preSolution
		{9159B90B-EFCE-4082-BE19-859F0733B2AB} = {D1FDD578-F65A-4A9B-8833-82C57E627A19}
		{D1FDD578-F65A-4A9B-8833-82C57E627A19} = {02EA681E-C7D8-13C7-8484-4AC65E1B71E8}
		{78ED3688-CB4D-4109-8024-2CD8272D1B71} = {02EA681E-C7D8-13C7-8484-4AC65E1B71E8}
		{32ADDD5C-801A-4E1F-9588-118D0503DC08} = {02EA681E-C7D8-13C7-8484-4AC65E1B71E8}
		{BA574F25-8383-4978-AF32-ACDF83DF458A} = {D1FDD578-F65A-4A9B-8833-82C57E627A19}
		{8EEE8774-0A29-4634-92F7-35E81F1416F6} = {D1FDD578-F65A-4A9B-8833-82C57E627A19}
		{B5975BEA-5000-4B04-B006-1168BE42D04F} = {D1FDD578-F65A-4A9B-8833-82C57E627A19}
		{0F0F744F-CF3B-4C09-AF9A-0F4E2B090631} = {5072635A-27D8-4AC1-A926-0072FD2CD348}
		{841FAE6C-ED41-4551-8AF3-E5D2992FA310} = {5072635A-27D8-4AC1-A926-0072FD2CD348}
		{BB55A180-5E85-41A2-BB48-480B40E41FDB} = {5072635A-27D8-4AC1-A926-0072FD2CD348}
		{A4F4612D-52DD-4E1B-A973-5928D6CE9DDD} = {5072635A-27D8-4AC1-A926-0072FD2CD348}
	EndGlobalSection
	GlobalSection(ExtensibilityGlobals) = postSolution
		SolutionGuid = {B4AB49C8-BC7A-46B9-BC6D-046E9C103623}
	EndGlobalSection
EndGlobal
